// !$*UTF8*$!
{
	archiveVersion = 1;
	classes = {
	};
	objectVersion = 56;
	objects = {

/* Begin PBXBuildFile section */
		1B51E9D32BFF45D000313625 /* ProfileView.swift in Sources */ = {isa = PBXBuildFile; fileRef = 1B51E9D22BFF45D000313625 /* ProfileView.swift */; };
		1B51E9D52BFF47A400313625 /* CalendarView.swift in Sources */ = {isa = PBXBuildFile; fileRef = 1B51E9D42BFF47A400313625 /* CalendarView.swift */; };
		1B51E9D92BFF507600313625 /* TaskView.swift in Sources */ = {isa = PBXBuildFile; fileRef = 1B51E9D82BFF507600313625 /* TaskView.swift */; };
		1B51E9DB2BFF593200313625 /* ScheduleTaskView.swift in Sources */ = {isa = PBXBuildFile; fileRef = 1B51E9DA2BFF593200313625 /* ScheduleTaskView.swift */; };
		1B971E922BF4BCDF0059246E /* TaskManagerApp.swift in Sources */ = {isa = PBXBuildFile; fileRef = 1B971E912BF4BCDF0059246E /* TaskManagerApp.swift */; };
		1B971E942BF4BCDF0059246E /* ContentView.swift in Sources */ = {isa = PBXBuildFile; fileRef = 1B971E932BF4BCDF0059246E /* ContentView.swift */; };
		1B971E962BF4BCE10059246E /* Assets.xcassets in Resources */ = {isa = PBXBuildFile; fileRef = 1B971E952BF4BCE10059246E /* Assets.xcassets */; };
		1B971E992BF4BCE10059246E /* Preview Assets.xcassets in Resources */ = {isa = PBXBuildFile; fileRef = 1B971E982BF4BCE10059246E /* Preview Assets.xcassets */; };
		1B971EA32BF4BCE10059246E /* TaskManagerTests.swift in Sources */ = {isa = PBXBuildFile; fileRef = 1B971EA22BF4BCE10059246E /* TaskManagerTests.swift */; };
		1B971EAD2BF4BCE10059246E /* TaskManagerUITests.swift in Sources */ = {isa = PBXBuildFile; fileRef = 1B971EAC2BF4BCE10059246E /* TaskManagerUITests.swift */; };
		1B971EAF2BF4BCE10059246E /* TaskManagerUITestsLaunchTests.swift in Sources */ = {isa = PBXBuildFile; fileRef = 1B971EAE2BF4BCE10059246E /* TaskManagerUITestsLaunchTests.swift */; };
		1B971EC32BF4CA250059246E /* TaskViewModel.swift in Sources */ = {isa = PBXBuildFile; fileRef = 1B971EC22BF4CA250059246E /* TaskViewModel.swift */; };
		1B971EC52BF4CA6F0059246E /* Task.swift in Sources */ = {isa = PBXBuildFile; fileRef = 1B971EC42BF4CA6F0059246E /* Task.swift */; };
		1B971EC72BF4CAE10059246E /* TaskListView.swift in Sources */ = {isa = PBXBuildFile; fileRef = 1B971EC62BF4CAE10059246E /* TaskListView.swift */; };
		1B971EC92BF4CB3F0059246E /* FirebaseService.swift in Sources */ = {isa = PBXBuildFile; fileRef = 1B971EC82BF4CB3F0059246E /* FirebaseService.swift */; };
		1B971ECB2BF4CB5B0059246E /* DateFormatter.swift in Sources */ = {isa = PBXBuildFile; fileRef = 1B971ECA2BF4CB5B0059246E /* DateFormatter.swift */; };
		1BAE0BAA2BFB208A00330EC1 /* FirebaseAuth in Frameworks */ = {isa = PBXBuildFile; productRef = 1BAE0BA92BFB208A00330EC1 /* FirebaseAuth */; };
		1BAE0BAC2BFB208A00330EC1 /* FirebaseFirestore in Frameworks */ = {isa = PBXBuildFile; productRef = 1BAE0BAB2BFB208A00330EC1 /* FirebaseFirestore */; };
		1BAE0BAE2BFB208A00330EC1 /* FirebaseFirestoreSwift in Frameworks */ = {isa = PBXBuildFile; productRef = 1BAE0BAD2BFB208A00330EC1 /* FirebaseFirestoreSwift */; };
		CEB2E3C72BFDEE66001EC247 /* GoogleService-Info.plist in Resources */ = {isa = PBXBuildFile; fileRef = CEB2E3C62BFDEE66001EC247 /* GoogleService-Info.plist */; };
		E13CABF32C08D75E00D17383 /* TopBar.swift in Sources */ = {isa = PBXBuildFile; fileRef = E13CABF22C08D75E00D17383 /* TopBar.swift */; };
		E13CABF52C08D76500D17383 /* TaskDetailView.swift in Sources */ = {isa = PBXBuildFile; fileRef = E13CABF42C08D76500D17383 /* TaskDetailView.swift */; };
		E13CABF72C08D76B00D17383 /* TaskCardView.swift in Sources */ = {isa = PBXBuildFile; fileRef = E13CABF62C08D76B00D17383 /* TaskCardView.swift */; };
		E13CABF92C08D77400D17383 /* UserViewModel.swift in Sources */ = {isa = PBXBuildFile; fileRef = E13CABF82C08D77400D17383 /* UserViewModel.swift */; };
		E13CABFB2C08D77D00D17383 /* User.swift in Sources */ = {isa = PBXBuildFile; fileRef = E13CABFA2C08D77D00D17383 /* User.swift */; };
		E13CABFD2C08DBBE00D17383 /* NewGroupView.swift in Sources */ = {isa = PBXBuildFile; fileRef = E13CABFC2C08DBBE00D17383 /* NewGroupView.swift */; };
		E13CABFF2C08DF6700D17383 /* Groups.swift in Sources */ = {isa = PBXBuildFile; fileRef = E13CABFE2C08DF6700D17383 /* Groups.swift */; };
/* End PBXBuildFile section */

/* Begin PBXContainerItemProxy section */
		1B971E9F2BF4BCE10059246E /* PBXContainerItemProxy */ = {
			isa = PBXContainerItemProxy;
			containerPortal = 1B971E862BF4BCDF0059246E /* Project object */;
			proxyType = 1;
			remoteGlobalIDString = 1B971E8D2BF4BCDF0059246E;
			remoteInfo = TaskManager;
		};
		1B971EA92BF4BCE10059246E /* PBXContainerItemProxy */ = {
			isa = PBXContainerItemProxy;
			containerPortal = 1B971E862BF4BCDF0059246E /* Project object */;
			proxyType = 1;
			remoteGlobalIDString = 1B971E8D2BF4BCDF0059246E;
			remoteInfo = TaskManager;
		};
/* End PBXContainerItemProxy section */

/* Begin PBXFileReference section */
		1B51E9D22BFF45D000313625 /* ProfileView.swift */ = {isa = PBXFileReference; fileEncoding = 4; lastKnownFileType = sourcecode.swift; path = ProfileView.swift; sourceTree = "<group>"; };
		1B51E9D42BFF47A400313625 /* CalendarView.swift */ = {isa = PBXFileReference; fileEncoding = 4; lastKnownFileType = sourcecode.swift; path = CalendarView.swift; sourceTree = "<group>"; };
		1B51E9D82BFF507600313625 /* TaskView.swift */ = {isa = PBXFileReference; fileEncoding = 4; lastKnownFileType = sourcecode.swift; path = TaskView.swift; sourceTree = "<group>"; };
		1B51E9DA2BFF593200313625 /* ScheduleTaskView.swift */ = {isa = PBXFileReference; fileEncoding = 4; lastKnownFileType = sourcecode.swift; path = ScheduleTaskView.swift; sourceTree = "<group>"; };
		1B971E8E2BF4BCDF0059246E /* TaskManager.app */ = {isa = PBXFileReference; explicitFileType = wrapper.application; includeInIndex = 0; path = TaskManager.app; sourceTree = BUILT_PRODUCTS_DIR; };
		1B971E912BF4BCDF0059246E /* TaskManagerApp.swift */ = {isa = PBXFileReference; lastKnownFileType = sourcecode.swift; path = TaskManagerApp.swift; sourceTree = "<group>"; };
		1B971E932BF4BCDF0059246E /* ContentView.swift */ = {isa = PBXFileReference; lastKnownFileType = sourcecode.swift; path = ContentView.swift; sourceTree = "<group>"; };
		1B971E952BF4BCE10059246E /* Assets.xcassets */ = {isa = PBXFileReference; lastKnownFileType = folder.assetcatalog; path = Assets.xcassets; sourceTree = "<group>"; };
		1B971E982BF4BCE10059246E /* Preview Assets.xcassets */ = {isa = PBXFileReference; lastKnownFileType = folder.assetcatalog; path = "Preview Assets.xcassets"; sourceTree = "<group>"; };
		1B971E9E2BF4BCE10059246E /* TaskManagerTests.xctest */ = {isa = PBXFileReference; explicitFileType = wrapper.cfbundle; includeInIndex = 0; path = TaskManagerTests.xctest; sourceTree = BUILT_PRODUCTS_DIR; };
		1B971EA22BF4BCE10059246E /* TaskManagerTests.swift */ = {isa = PBXFileReference; lastKnownFileType = sourcecode.swift; path = TaskManagerTests.swift; sourceTree = "<group>"; };
		1B971EA82BF4BCE10059246E /* TaskManagerUITests.xctest */ = {isa = PBXFileReference; explicitFileType = wrapper.cfbundle; includeInIndex = 0; path = TaskManagerUITests.xctest; sourceTree = BUILT_PRODUCTS_DIR; };
		1B971EAC2BF4BCE10059246E /* TaskManagerUITests.swift */ = {isa = PBXFileReference; lastKnownFileType = sourcecode.swift; path = TaskManagerUITests.swift; sourceTree = "<group>"; };
		1B971EAE2BF4BCE10059246E /* TaskManagerUITestsLaunchTests.swift */ = {isa = PBXFileReference; lastKnownFileType = sourcecode.swift; path = TaskManagerUITestsLaunchTests.swift; sourceTree = "<group>"; };
		1B971EC22BF4CA250059246E /* TaskViewModel.swift */ = {isa = PBXFileReference; lastKnownFileType = sourcecode.swift; path = TaskViewModel.swift; sourceTree = "<group>"; };
		1B971EC42BF4CA6F0059246E /* Task.swift */ = {isa = PBXFileReference; lastKnownFileType = sourcecode.swift; path = Task.swift; sourceTree = "<group>"; };
		1B971EC62BF4CAE10059246E /* TaskListView.swift */ = {isa = PBXFileReference; lastKnownFileType = sourcecode.swift; path = TaskListView.swift; sourceTree = "<group>"; };
		1B971EC82BF4CB3F0059246E /* FirebaseService.swift */ = {isa = PBXFileReference; lastKnownFileType = sourcecode.swift; path = FirebaseService.swift; sourceTree = "<group>"; };
		1B971ECA2BF4CB5B0059246E /* DateFormatter.swift */ = {isa = PBXFileReference; lastKnownFileType = sourcecode.swift; path = DateFormatter.swift; sourceTree = "<group>"; };
		CEB2E3C62BFDEE66001EC247 /* GoogleService-Info.plist */ = {isa = PBXFileReference; fileEncoding = 4; lastKnownFileType = text.plist.xml; path = "GoogleService-Info.plist"; sourceTree = "<group>"; };
		E13CABF22C08D75E00D17383 /* TopBar.swift */ = {isa = PBXFileReference; fileEncoding = 4; lastKnownFileType = sourcecode.swift; path = TopBar.swift; sourceTree = "<group>"; };
		E13CABF42C08D76500D17383 /* TaskDetailView.swift */ = {isa = PBXFileReference; fileEncoding = 4; lastKnownFileType = sourcecode.swift; path = TaskDetailView.swift; sourceTree = "<group>"; };
		E13CABF62C08D76B00D17383 /* TaskCardView.swift */ = {isa = PBXFileReference; fileEncoding = 4; lastKnownFileType = sourcecode.swift; path = TaskCardView.swift; sourceTree = "<group>"; };
		E13CABF82C08D77400D17383 /* UserViewModel.swift */ = {isa = PBXFileReference; fileEncoding = 4; lastKnownFileType = sourcecode.swift; path = UserViewModel.swift; sourceTree = "<group>"; };
		E13CABFA2C08D77D00D17383 /* User.swift */ = {isa = PBXFileReference; fileEncoding = 4; lastKnownFileType = sourcecode.swift; path = User.swift; sourceTree = "<group>"; };
		E13CABFC2C08DBBE00D17383 /* NewGroupView.swift */ = {isa = PBXFileReference; lastKnownFileType = sourcecode.swift; path = NewGroupView.swift; sourceTree = "<group>"; };
		E13CABFE2C08DF6700D17383 /* Groups.swift */ = {isa = PBXFileReference; lastKnownFileType = sourcecode.swift; path = Groups.swift; sourceTree = "<group>"; };
/* End PBXFileReference section */

/* Begin PBXFrameworksBuildPhase section */
		1B971E8B2BF4BCDF0059246E /* Frameworks */ = {
			isa = PBXFrameworksBuildPhase;
			buildActionMask = 2147483647;
			files = (
				1BAE0BAA2BFB208A00330EC1 /* FirebaseAuth in Frameworks */,
				1BAE0BAC2BFB208A00330EC1 /* FirebaseFirestore in Frameworks */,
				1BAE0BAE2BFB208A00330EC1 /* FirebaseFirestoreSwift in Frameworks */,
			);
			runOnlyForDeploymentPostprocessing = 0;
		};
		1B971E9B2BF4BCE10059246E /* Frameworks */ = {
			isa = PBXFrameworksBuildPhase;
			buildActionMask = 2147483647;
			files = (
			);
			runOnlyForDeploymentPostprocessing = 0;
		};
		1B971EA52BF4BCE10059246E /* Frameworks */ = {
			isa = PBXFrameworksBuildPhase;
			buildActionMask = 2147483647;
			files = (
			);
			runOnlyForDeploymentPostprocessing = 0;
		};
/* End PBXFrameworksBuildPhase section */

/* Begin PBXGroup section */
		1B971E852BF4BCDF0059246E = {
			isa = PBXGroup;
			children = (
				CEB2E3C62BFDEE66001EC247 /* GoogleService-Info.plist */,
				1B971E902BF4BCDF0059246E /* TaskManager */,
				1B971EA12BF4BCE10059246E /* TaskManagerTests */,
				1B971EAB2BF4BCE10059246E /* TaskManagerUITests */,
				1B971E8F2BF4BCDF0059246E /* Products */,
			);
			sourceTree = "<group>";
		};
		1B971E8F2BF4BCDF0059246E /* Products */ = {
			isa = PBXGroup;
			children = (
				1B971E8E2BF4BCDF0059246E /* TaskManager.app */,
				1B971E9E2BF4BCE10059246E /* TaskManagerTests.xctest */,
				1B971EA82BF4BCE10059246E /* TaskManagerUITests.xctest */,
			);
			name = Products;
			sourceTree = "<group>";
		};
		1B971E902BF4BCDF0059246E /* TaskManager */ = {
			isa = PBXGroup;
			children = (
				1B971E912BF4BCDF0059246E /* TaskManagerApp.swift */,
				1B971EBD2BF4C5F60059246E /* Views */,
				1B971EBF2BF4C88C0059246E /* ViewModels */,
				1B971EBC2BF4C37E0059246E /* Models */,
				1B971EC02BF4C8FA0059246E /* Services */,
				1B971EC12BF4C91E0059246E /* Utilities */,
				1B971E952BF4BCE10059246E /* Assets.xcassets */,
				1B971E972BF4BCE10059246E /* Preview Content */,
			);
			path = TaskManager;
			sourceTree = "<group>";
		};
		1B971E972BF4BCE10059246E /* Preview Content */ = {
			isa = PBXGroup;
			children = (
				1B971E982BF4BCE10059246E /* Preview Assets.xcassets */,
			);
			path = "Preview Content";
			sourceTree = "<group>";
		};
		1B971EA12BF4BCE10059246E /* TaskManagerTests */ = {
			isa = PBXGroup;
			children = (
				1B971EA22BF4BCE10059246E /* TaskManagerTests.swift */,
			);
			path = TaskManagerTests;
			sourceTree = "<group>";
		};
		1B971EAB2BF4BCE10059246E /* TaskManagerUITests */ = {
			isa = PBXGroup;
			children = (
				1B971EAC2BF4BCE10059246E /* TaskManagerUITests.swift */,
				1B971EAE2BF4BCE10059246E /* TaskManagerUITestsLaunchTests.swift */,
			);
			path = TaskManagerUITests;
			sourceTree = "<group>";
		};
		1B971EBC2BF4C37E0059246E /* Models */ = {
			isa = PBXGroup;
			children = (
				E13CABFA2C08D77D00D17383 /* User.swift */,
				1B971EC42BF4CA6F0059246E /* Task.swift */,
				E13CABFE2C08DF6700D17383 /* Groups.swift */,
			);
			path = Models;
			sourceTree = "<group>";
		};
		1B971EBD2BF4C5F60059246E /* Views */ = {
			isa = PBXGroup;
			children = (
				E13CABF62C08D76B00D17383 /* TaskCardView.swift */,
				E13CABF42C08D76500D17383 /* TaskDetailView.swift */,
				E13CABF22C08D75E00D17383 /* TopBar.swift */,
				1B51E9DA2BFF593200313625 /* ScheduleTaskView.swift */,
				1B51E9D82BFF507600313625 /* TaskView.swift */,
				1B51E9D42BFF47A400313625 /* CalendarView.swift */,
				1B51E9D22BFF45D000313625 /* ProfileView.swift */,
				1B971E932BF4BCDF0059246E /* ContentView.swift */,
				1B971EC62BF4CAE10059246E /* TaskListView.swift */,
				E13CABFC2C08DBBE00D17383 /* NewGroupView.swift */,
			);
			path = Views;
			sourceTree = "<group>";
		};
		1B971EBF2BF4C88C0059246E /* ViewModels */ = {
			isa = PBXGroup;
			children = (
				E13CABF82C08D77400D17383 /* UserViewModel.swift */,
				1B971EC22BF4CA250059246E /* TaskViewModel.swift */,
			);
			path = ViewModels;
			sourceTree = "<group>";
		};
		1B971EC02BF4C8FA0059246E /* Services */ = {
			isa = PBXGroup;
			children = (
				1B971EC82BF4CB3F0059246E /* FirebaseService.swift */,
			);
			path = Services;
			sourceTree = "<group>";
		};
		1B971EC12BF4C91E0059246E /* Utilities */ = {
			isa = PBXGroup;
			children = (
				1B971ECA2BF4CB5B0059246E /* DateFormatter.swift */,
			);
			path = Utilities;
			sourceTree = "<group>";
		};
/* End PBXGroup section */

/* Begin PBXNativeTarget section */
		1B971E8D2BF4BCDF0059246E /* TaskManager */ = {
			isa = PBXNativeTarget;
			buildConfigurationList = 1B971EB22BF4BCE10059246E /* Build configuration list for PBXNativeTarget "TaskManager" */;
			buildPhases = (
				1B971E8A2BF4BCDF0059246E /* Sources */,
				1B971E8B2BF4BCDF0059246E /* Frameworks */,
				1B971E8C2BF4BCDF0059246E /* Resources */,
			);
			buildRules = (
			);
			dependencies = (
			);
			name = TaskManager;
			packageProductDependencies = (
				1BAE0BA92BFB208A00330EC1 /* FirebaseAuth */,
				1BAE0BAB2BFB208A00330EC1 /* FirebaseFirestore */,
				1BAE0BAD2BFB208A00330EC1 /* FirebaseFirestoreSwift */,
			);
			productName = TaskManager;
			productReference = 1B971E8E2BF4BCDF0059246E /* TaskManager.app */;
			productType = "com.apple.product-type.application";
		};
		1B971E9D2BF4BCE10059246E /* TaskManagerTests */ = {
			isa = PBXNativeTarget;
			buildConfigurationList = 1B971EB52BF4BCE10059246E /* Build configuration list for PBXNativeTarget "TaskManagerTests" */;
			buildPhases = (
				1B971E9A2BF4BCE10059246E /* Sources */,
				1B971E9B2BF4BCE10059246E /* Frameworks */,
				1B971E9C2BF4BCE10059246E /* Resources */,
			);
			buildRules = (
			);
			dependencies = (
				1B971EA02BF4BCE10059246E /* PBXTargetDependency */,
			);
			name = TaskManagerTests;
			productName = TaskManagerTests;
			productReference = 1B971E9E2BF4BCE10059246E /* TaskManagerTests.xctest */;
			productType = "com.apple.product-type.bundle.unit-test";
		};
		1B971EA72BF4BCE10059246E /* TaskManagerUITests */ = {
			isa = PBXNativeTarget;
			buildConfigurationList = 1B971EB82BF4BCE10059246E /* Build configuration list for PBXNativeTarget "TaskManagerUITests" */;
			buildPhases = (
				1B971EA42BF4BCE10059246E /* Sources */,
				1B971EA52BF4BCE10059246E /* Frameworks */,
				1B971EA62BF4BCE10059246E /* Resources */,
			);
			buildRules = (
			);
			dependencies = (
				1B971EAA2BF4BCE10059246E /* PBXTargetDependency */,
			);
			name = TaskManagerUITests;
			productName = TaskManagerUITests;
			productReference = 1B971EA82BF4BCE10059246E /* TaskManagerUITests.xctest */;
			productType = "com.apple.product-type.bundle.ui-testing";
		};
/* End PBXNativeTarget section */

/* Begin PBXProject section */
		1B971E862BF4BCDF0059246E /* Project object */ = {
			isa = PBXProject;
			attributes = {
				BuildIndependentTargetsInParallel = 1;
				LastSwiftUpdateCheck = 1500;
				LastUpgradeCheck = 1500;
				TargetAttributes = {
					1B971E8D2BF4BCDF0059246E = {
						CreatedOnToolsVersion = 15.0;
					};
					1B971E9D2BF4BCE10059246E = {
						CreatedOnToolsVersion = 15.0;
						TestTargetID = 1B971E8D2BF4BCDF0059246E;
					};
					1B971EA72BF4BCE10059246E = {
						CreatedOnToolsVersion = 15.0;
						TestTargetID = 1B971E8D2BF4BCDF0059246E;
					};
				};
			};
			buildConfigurationList = 1B971E892BF4BCDF0059246E /* Build configuration list for PBXProject "TaskManager" */;
			compatibilityVersion = "Xcode 14.0";
			developmentRegion = en;
			hasScannedForEncodings = 0;
			knownRegions = (
				en,
				Base,
			);
			mainGroup = 1B971E852BF4BCDF0059246E;
			packageReferences = (
				1BAE0BA82BFB208A00330EC1 /* XCRemoteSwiftPackageReference "firebase-ios-sdk" */,
			);
			productRefGroup = 1B971E8F2BF4BCDF0059246E /* Products */;
			projectDirPath = "";
			projectRoot = "";
			targets = (
				1B971E8D2BF4BCDF0059246E /* TaskManager */,
				1B971E9D2BF4BCE10059246E /* TaskManagerTests */,
				1B971EA72BF4BCE10059246E /* TaskManagerUITests */,
			);
		};
/* End PBXProject section */

/* Begin PBXResourcesBuildPhase section */
		1B971E8C2BF4BCDF0059246E /* Resources */ = {
			isa = PBXResourcesBuildPhase;
			buildActionMask = 2147483647;
			files = (
				1B971E992BF4BCE10059246E /* Preview Assets.xcassets in Resources */,
				CEB2E3C72BFDEE66001EC247 /* GoogleService-Info.plist in Resources */,
				1B971E962BF4BCE10059246E /* Assets.xcassets in Resources */,
			);
			runOnlyForDeploymentPostprocessing = 0;
		};
		1B971E9C2BF4BCE10059246E /* Resources */ = {
			isa = PBXResourcesBuildPhase;
			buildActionMask = 2147483647;
			files = (
			);
			runOnlyForDeploymentPostprocessing = 0;
		};
		1B971EA62BF4BCE10059246E /* Resources */ = {
			isa = PBXResourcesBuildPhase;
			buildActionMask = 2147483647;
			files = (
			);
			runOnlyForDeploymentPostprocessing = 0;
		};
/* End PBXResourcesBuildPhase section */

/* Begin PBXSourcesBuildPhase section */
		1B971E8A2BF4BCDF0059246E /* Sources */ = {
			isa = PBXSourcesBuildPhase;
			buildActionMask = 2147483647;
			files = (
				E13CABF52C08D76500D17383 /* TaskDetailView.swift in Sources */,
				1B51E9D32BFF45D000313625 /* ProfileView.swift in Sources */,
				1B971EC52BF4CA6F0059246E /* Task.swift in Sources */,
				1B971E942BF4BCDF0059246E /* ContentView.swift in Sources */,
				E13CABFB2C08D77D00D17383 /* User.swift in Sources */,
				1B51E9D92BFF507600313625 /* TaskView.swift in Sources */,
				1B971EC72BF4CAE10059246E /* TaskListView.swift in Sources */,
				1B51E9DB2BFF593200313625 /* ScheduleTaskView.swift in Sources */,
				1B971ECB2BF4CB5B0059246E /* DateFormatter.swift in Sources */,
				E13CABFF2C08DF6700D17383 /* Groups.swift in Sources */,
				E13CABF32C08D75E00D17383 /* TopBar.swift in Sources */,
				E13CABFD2C08DBBE00D17383 /* NewGroupView.swift in Sources */,
				1B51E9D52BFF47A400313625 /* CalendarView.swift in Sources */,
				1B971EC32BF4CA250059246E /* TaskViewModel.swift in Sources */,
				1B971EC92BF4CB3F0059246E /* FirebaseService.swift in Sources */,
				1B971E922BF4BCDF0059246E /* TaskManagerApp.swift in Sources */,
				E13CABF92C08D77400D17383 /* UserViewModel.swift in Sources */,
				E13CABF72C08D76B00D17383 /* TaskCardView.swift in Sources */,
			);
			runOnlyForDeploymentPostprocessing = 0;
		};
		1B971E9A2BF4BCE10059246E /* Sources */ = {
			isa = PBXSourcesBuildPhase;
			buildActionMask = 2147483647;
			files = (
				1B971EA32BF4BCE10059246E /* TaskManagerTests.swift in Sources */,
			);
			runOnlyForDeploymentPostprocessing = 0;
		};
		1B971EA42BF4BCE10059246E /* Sources */ = {
			isa = PBXSourcesBuildPhase;
			buildActionMask = 2147483647;
			files = (
				1B971EAD2BF4BCE10059246E /* TaskManagerUITests.swift in Sources */,
				1B971EAF2BF4BCE10059246E /* TaskManagerUITestsLaunchTests.swift in Sources */,
			);
			runOnlyForDeploymentPostprocessing = 0;
		};
/* End PBXSourcesBuildPhase section */

/* Begin PBXTargetDependency section */
		1B971EA02BF4BCE10059246E /* PBXTargetDependency */ = {
			isa = PBXTargetDependency;
			target = 1B971E8D2BF4BCDF0059246E /* TaskManager */;
			targetProxy = 1B971E9F2BF4BCE10059246E /* PBXContainerItemProxy */;
		};
		1B971EAA2BF4BCE10059246E /* PBXTargetDependency */ = {
			isa = PBXTargetDependency;
			target = 1B971E8D2BF4BCDF0059246E /* TaskManager */;
			targetProxy = 1B971EA92BF4BCE10059246E /* PBXContainerItemProxy */;
		};
/* End PBXTargetDependency section */

/* Begin XCBuildConfiguration section */
		1B971EB02BF4BCE10059246E /* Debug */ = {
			isa = XCBuildConfiguration;
			buildSettings = {
				ALWAYS_SEARCH_USER_PATHS = NO;
				ASSETCATALOG_COMPILER_GENERATE_SWIFT_ASSET_SYMBOL_EXTENSIONS = YES;
				CLANG_ANALYZER_NONNULL = YES;
				CLANG_ANALYZER_NUMBER_OBJECT_CONVERSION = YES_AGGRESSIVE;
				CLANG_CXX_LANGUAGE_STANDARD = "gnu++20";
				CLANG_ENABLE_MODULES = YES;
				CLANG_ENABLE_OBJC_ARC = YES;
				CLANG_ENABLE_OBJC_WEAK = YES;
				CLANG_WARN_BLOCK_CAPTURE_AUTORELEASING = YES;
				CLANG_WARN_BOOL_CONVERSION = YES;
				CLANG_WARN_COMMA = YES;
				CLANG_WARN_CONSTANT_CONVERSION = YES;
				CLANG_WARN_DEPRECATED_OBJC_IMPLEMENTATIONS = YES;
				CLANG_WARN_DIRECT_OBJC_ISA_USAGE = YES_ERROR;
				CLANG_WARN_DOCUMENTATION_COMMENTS = YES;
				CLANG_WARN_EMPTY_BODY = YES;
				CLANG_WARN_ENUM_CONVERSION = YES;
				CLANG_WARN_INFINITE_RECURSION = YES;
				CLANG_WARN_INT_CONVERSION = YES;
				CLANG_WARN_NON_LITERAL_NULL_CONVERSION = YES;
				CLANG_WARN_OBJC_IMPLICIT_RETAIN_SELF = YES;
				CLANG_WARN_OBJC_LITERAL_CONVERSION = YES;
				CLANG_WARN_OBJC_ROOT_CLASS = YES_ERROR;
				CLANG_WARN_QUOTED_INCLUDE_IN_FRAMEWORK_HEADER = YES;
				CLANG_WARN_RANGE_LOOP_ANALYSIS = YES;
				CLANG_WARN_STRICT_PROTOTYPES = YES;
				CLANG_WARN_SUSPICIOUS_MOVE = YES;
				CLANG_WARN_UNGUARDED_AVAILABILITY = YES_AGGRESSIVE;
				CLANG_WARN_UNREACHABLE_CODE = YES;
				CLANG_WARN__DUPLICATE_METHOD_MATCH = YES;
				COPY_PHASE_STRIP = NO;
				DEBUG_INFORMATION_FORMAT = dwarf;
				ENABLE_STRICT_OBJC_MSGSEND = YES;
				ENABLE_TESTABILITY = YES;
				ENABLE_USER_SCRIPT_SANDBOXING = YES;
				GCC_C_LANGUAGE_STANDARD = gnu17;
				GCC_DYNAMIC_NO_PIC = NO;
				GCC_NO_COMMON_BLOCKS = YES;
				GCC_OPTIMIZATION_LEVEL = 0;
				GCC_PREPROCESSOR_DEFINITIONS = (
					"DEBUG=1",
					"$(inherited)",
				);
				GCC_WARN_64_TO_32_BIT_CONVERSION = YES;
				GCC_WARN_ABOUT_RETURN_TYPE = YES_ERROR;
				GCC_WARN_UNDECLARED_SELECTOR = YES;
				GCC_WARN_UNINITIALIZED_AUTOS = YES_AGGRESSIVE;
				GCC_WARN_UNUSED_FUNCTION = YES;
				GCC_WARN_UNUSED_VARIABLE = YES;
				IPHONEOS_DEPLOYMENT_TARGET = 17.0;
				LOCALIZATION_PREFERS_STRING_CATALOGS = YES;
				MTL_ENABLE_DEBUG_INFO = INCLUDE_SOURCE;
				MTL_FAST_MATH = YES;
				ONLY_ACTIVE_ARCH = YES;
				SDKROOT = iphoneos;
				SWIFT_ACTIVE_COMPILATION_CONDITIONS = "DEBUG $(inherited)";
				SWIFT_OPTIMIZATION_LEVEL = "-Onone";
			};
			name = Debug;
		};
		1B971EB12BF4BCE10059246E /* Release */ = {
			isa = XCBuildConfiguration;
			buildSettings = {
				ALWAYS_SEARCH_USER_PATHS = NO;
				ASSETCATALOG_COMPILER_GENERATE_SWIFT_ASSET_SYMBOL_EXTENSIONS = YES;
				CLANG_ANALYZER_NONNULL = YES;
				CLANG_ANALYZER_NUMBER_OBJECT_CONVERSION = YES_AGGRESSIVE;
				CLANG_CXX_LANGUAGE_STANDARD = "gnu++20";
				CLANG_ENABLE_MODULES = YES;
				CLANG_ENABLE_OBJC_ARC = YES;
				CLANG_ENABLE_OBJC_WEAK = YES;
				CLANG_WARN_BLOCK_CAPTURE_AUTORELEASING = YES;
				CLANG_WARN_BOOL_CONVERSION = YES;
				CLANG_WARN_COMMA = YES;
				CLANG_WARN_CONSTANT_CONVERSION = YES;
				CLANG_WARN_DEPRECATED_OBJC_IMPLEMENTATIONS = YES;
				CLANG_WARN_DIRECT_OBJC_ISA_USAGE = YES_ERROR;
				CLANG_WARN_DOCUMENTATION_COMMENTS = YES;
				CLANG_WARN_EMPTY_BODY = YES;
				CLANG_WARN_ENUM_CONVERSION = YES;
				CLANG_WARN_INFINITE_RECURSION = YES;
				CLANG_WARN_INT_CONVERSION = YES;
				CLANG_WARN_NON_LITERAL_NULL_CONVERSION = YES;
				CLANG_WARN_OBJC_IMPLICIT_RETAIN_SELF = YES;
				CLANG_WARN_OBJC_LITERAL_CONVERSION = YES;
				CLANG_WARN_OBJC_ROOT_CLASS = YES_ERROR;
				CLANG_WARN_QUOTED_INCLUDE_IN_FRAMEWORK_HEADER = YES;
				CLANG_WARN_RANGE_LOOP_ANALYSIS = YES;
				CLANG_WARN_STRICT_PROTOTYPES = YES;
				CLANG_WARN_SUSPICIOUS_MOVE = YES;
				CLANG_WARN_UNGUARDED_AVAILABILITY = YES_AGGRESSIVE;
				CLANG_WARN_UNREACHABLE_CODE = YES;
				CLANG_WARN__DUPLICATE_METHOD_MATCH = YES;
				COPY_PHASE_STRIP = NO;
				DEBUG_INFORMATION_FORMAT = "dwarf-with-dsym";
				ENABLE_NS_ASSERTIONS = NO;
				ENABLE_STRICT_OBJC_MSGSEND = YES;
				ENABLE_USER_SCRIPT_SANDBOXING = YES;
				GCC_C_LANGUAGE_STANDARD = gnu17;
				GCC_NO_COMMON_BLOCKS = YES;
				GCC_WARN_64_TO_32_BIT_CONVERSION = YES;
				GCC_WARN_ABOUT_RETURN_TYPE = YES_ERROR;
				GCC_WARN_UNDECLARED_SELECTOR = YES;
				GCC_WARN_UNINITIALIZED_AUTOS = YES_AGGRESSIVE;
				GCC_WARN_UNUSED_FUNCTION = YES;
				GCC_WARN_UNUSED_VARIABLE = YES;
				IPHONEOS_DEPLOYMENT_TARGET = 17.0;
				LOCALIZATION_PREFERS_STRING_CATALOGS = YES;
				MTL_ENABLE_DEBUG_INFO = NO;
				MTL_FAST_MATH = YES;
				SDKROOT = iphoneos;
				SWIFT_COMPILATION_MODE = wholemodule;
				VALIDATE_PRODUCT = YES;
			};
			name = Release;
		};
		1B971EB32BF4BCE10059246E /* Debug */ = {
			isa = XCBuildConfiguration;
			buildSettings = {
				ASSETCATALOG_COMPILER_APPICON_NAME = AppIcon;
				ASSETCATALOG_COMPILER_GLOBAL_ACCENT_COLOR_NAME = AccentColor;
				CODE_SIGN_STYLE = Automatic;
				CURRENT_PROJECT_VERSION = 1;
				DEVELOPMENT_ASSET_PATHS = "\"TaskManager/Preview Content\"";
				DEVELOPMENT_TEAM = "";
				ENABLE_PREVIEWS = YES;
				GENERATE_INFOPLIST_FILE = YES;
				INFOPLIST_KEY_UIApplicationSceneManifest_Generation = YES;
				INFOPLIST_KEY_UIApplicationSupportsIndirectInputEvents = YES;
				INFOPLIST_KEY_UILaunchScreen_Generation = YES;
				INFOPLIST_KEY_UISupportedInterfaceOrientations_iPad = "UIInterfaceOrientationPortrait UIInterfaceOrientationPortraitUpsideDown UIInterfaceOrientationLandscapeLeft UIInterfaceOrientationLandscapeRight";
				INFOPLIST_KEY_UISupportedInterfaceOrientations_iPhone = "UIInterfaceOrientationPortrait UIInterfaceOrientationLandscapeLeft UIInterfaceOrientationLandscapeRight";
				LD_RUNPATH_SEARCH_PATHS = (
					"$(inherited)",
					"@executable_path/Frameworks",
				);
				MARKETING_VERSION = 1.0;
				PRODUCT_BUNDLE_IDENTIFIER = com.example.TaskManager;
				PRODUCT_NAME = "$(TARGET_NAME)";
				SWIFT_EMIT_LOC_STRINGS = YES;
				SWIFT_VERSION = 5.0;
				TARGETED_DEVICE_FAMILY = "1,2";
			};
			name = Debug;
		};
		1B971EB42BF4BCE10059246E /* Release */ = {
			isa = XCBuildConfiguration;
			buildSettings = {
				ASSETCATALOG_COMPILER_APPICON_NAME = AppIcon;
				ASSETCATALOG_COMPILER_GLOBAL_ACCENT_COLOR_NAME = AccentColor;
				CODE_SIGN_STYLE = Automatic;
				CURRENT_PROJECT_VERSION = 1;
				DEVELOPMENT_ASSET_PATHS = "\"TaskManager/Preview Content\"";
				DEVELOPMENT_TEAM = "";
				ENABLE_PREVIEWS = YES;
				GENERATE_INFOPLIST_FILE = YES;
				INFOPLIST_KEY_UIApplicationSceneManifest_Generation = YES;
				INFOPLIST_KEY_UIApplicationSupportsIndirectInputEvents = YES;
				INFOPLIST_KEY_UILaunchScreen_Generation = YES;
				INFOPLIST_KEY_UISupportedInterfaceOrientations_iPad = "UIInterfaceOrientationPortrait UIInterfaceOrientationPortraitUpsideDown UIInterfaceOrientationLandscapeLeft UIInterfaceOrientationLandscapeRight";
				INFOPLIST_KEY_UISupportedInterfaceOrientations_iPhone = "UIInterfaceOrientationPortrait UIInterfaceOrientationLandscapeLeft UIInterfaceOrientationLandscapeRight";
				LD_RUNPATH_SEARCH_PATHS = (
					"$(inherited)",
					"@executable_path/Frameworks",
				);
				MARKETING_VERSION = 1.0;
				PRODUCT_BUNDLE_IDENTIFIER = com.example.TaskManager;
				PRODUCT_NAME = "$(TARGET_NAME)";
				SWIFT_EMIT_LOC_STRINGS = YES;
				SWIFT_VERSION = 5.0;
				TARGETED_DEVICE_FAMILY = "1,2";
			};
			name = Release;
		};
		1B971EB62BF4BCE10059246E /* Debug */ = {
			isa = XCBuildConfiguration;
			buildSettings = {
				ALWAYS_EMBED_SWIFT_STANDARD_LIBRARIES = YES;
				BUNDLE_LOADER = "$(TEST_HOST)";
				CODE_SIGN_STYLE = Automatic;
				CURRENT_PROJECT_VERSION = 1;
				DEVELOPMENT_TEAM = DCKX448926;
				GENERATE_INFOPLIST_FILE = YES;
				IPHONEOS_DEPLOYMENT_TARGET = 17.0;
				MARKETING_VERSION = 1.0;
				PRODUCT_BUNDLE_IDENTIFIER = com.example.TaskManagerTests;
				PRODUCT_NAME = "$(TARGET_NAME)";
				SWIFT_EMIT_LOC_STRINGS = NO;
				SWIFT_VERSION = 5.0;
				TARGETED_DEVICE_FAMILY = "1,2";
				TEST_HOST = "$(BUILT_PRODUCTS_DIR)/TaskManager.app/$(BUNDLE_EXECUTABLE_FOLDER_PATH)/TaskManager";
			};
			name = Debug;
		};
		1B971EB72BF4BCE10059246E /* Release */ = {
			isa = XCBuildConfiguration;
			buildSettings = {
				ALWAYS_EMBED_SWIFT_STANDARD_LIBRARIES = YES;
				BUNDLE_LOADER = "$(TEST_HOST)";
				CODE_SIGN_STYLE = Automatic;
				CURRENT_PROJECT_VERSION = 1;
				DEVELOPMENT_TEAM = DCKX448926;
				GENERATE_INFOPLIST_FILE = YES;
				IPHONEOS_DEPLOYMENT_TARGET = 17.0;
				MARKETING_VERSION = 1.0;
				PRODUCT_BUNDLE_IDENTIFIER = com.example.TaskManagerTests;
				PRODUCT_NAME = "$(TARGET_NAME)";
				SWIFT_EMIT_LOC_STRINGS = NO;
				SWIFT_VERSION = 5.0;
				TARGETED_DEVICE_FAMILY = "1,2";
				TEST_HOST = "$(BUILT_PRODUCTS_DIR)/TaskManager.app/$(BUNDLE_EXECUTABLE_FOLDER_PATH)/TaskManager";
			};
			name = Release;
		};
		1B971EB92BF4BCE10059246E /* Debug */ = {
			isa = XCBuildConfiguration;
			buildSettings = {
				ALWAYS_EMBED_SWIFT_STANDARD_LIBRARIES = YES;
				CODE_SIGN_STYLE = Automatic;
				CURRENT_PROJECT_VERSION = 1;
				DEVELOPMENT_TEAM = DCKX448926;
				GENERATE_INFOPLIST_FILE = YES;
				MARKETING_VERSION = 1.0;
				PRODUCT_BUNDLE_IDENTIFIER = com.example.TaskManagerUITests;
				PRODUCT_NAME = "$(TARGET_NAME)";
				SWIFT_EMIT_LOC_STRINGS = NO;
				SWIFT_VERSION = 5.0;
				TARGETED_DEVICE_FAMILY = "1,2";
				TEST_TARGET_NAME = TaskManager;
			};
			name = Debug;
		};
		1B971EBA2BF4BCE10059246E /* Release */ = {
			isa = XCBuildConfiguration;
			buildSettings = {
				ALWAYS_EMBED_SWIFT_STANDARD_LIBRARIES = YES;
				CODE_SIGN_STYLE = Automatic;
				CURRENT_PROJECT_VERSION = 1;
				DEVELOPMENT_TEAM = DCKX448926;
				GENERATE_INFOPLIST_FILE = YES;
				MARKETING_VERSION = 1.0;
				PRODUCT_BUNDLE_IDENTIFIER = com.example.TaskManagerUITests;
				PRODUCT_NAME = "$(TARGET_NAME)";
				SWIFT_EMIT_LOC_STRINGS = NO;
				SWIFT_VERSION = 5.0;
				TARGETED_DEVICE_FAMILY = "1,2";
				TEST_TARGET_NAME = TaskManager;
			};
			name = Release;
		};
/* End XCBuildConfiguration section */

/* Begin XCConfigurationList section */
		1B971E892BF4BCDF0059246E /* Build configuration list for PBXProject "TaskManager" */ = {
			isa = XCConfigurationList;
			buildConfigurations = (
				1B971EB02BF4BCE10059246E /* Debug */,
				1B971EB12BF4BCE10059246E /* Release */,
			);
			defaultConfigurationIsVisible = 0;
			defaultConfigurationName = Release;
		};
		1B971EB22BF4BCE10059246E /* Build configuration list for PBXNativeTarget "TaskManager" */ = {
			isa = XCConfigurationList;
			buildConfigurations = (
				1B971EB32BF4BCE10059246E /* Debug */,
				1B971EB42BF4BCE10059246E /* Release */,
			);
			defaultConfigurationIsVisible = 0;
			defaultConfigurationName = Release;
		};
		1B971EB52BF4BCE10059246E /* Build configuration list for PBXNativeTarget "TaskManagerTests" */ = {
			isa = XCConfigurationList;
			buildConfigurations = (
				1B971EB62BF4BCE10059246E /* Debug */,
				1B971EB72BF4BCE10059246E /* Release */,
			);
			defaultConfigurationIsVisible = 0;
			defaultConfigurationName = Release;
		};
		1B971EB82BF4BCE10059246E /* Build configuration list for PBXNativeTarget "TaskManagerUITests" */ = {
			isa = XCConfigurationList;
			buildConfigurations = (
				1B971EB92BF4BCE10059246E /* Debug */,
				1B971EBA2BF4BCE10059246E /* Release */,
			);
			defaultConfigurationIsVisible = 0;
			defaultConfigurationName = Release;
		};
/* End XCConfigurationList section */

/* Begin XCRemoteSwiftPackageReference section */
		1BAE0BA82BFB208A00330EC1 /* XCRemoteSwiftPackageReference "firebase-ios-sdk" */ = {
			isa = XCRemoteSwiftPackageReference;
			repositoryURL = "https://github.com/firebase/firebase-ios-sdk.git";
			requirement = {
				kind = upToNextMajorVersion;
				minimumVersion = 10.26.0;
			};
		};
/* End XCRemoteSwiftPackageReference section */

/* Begin XCSwiftPackageProductDependency section */
		1BAE0BA92BFB208A00330EC1 /* FirebaseAuth */ = {
			isa = XCSwiftPackageProductDependency;
			package = 1BAE0BA82BFB208A00330EC1 /* XCRemoteSwiftPackageReference "firebase-ios-sdk" */;
			productName = FirebaseAuth;
		};
		1BAE0BAB2BFB208A00330EC1 /* FirebaseFirestore */ = {
			isa = XCSwiftPackageProductDependency;
			package = 1BAE0BA82BFB208A00330EC1 /* XCRemoteSwiftPackageReference "firebase-ios-sdk" */;
			productName = FirebaseFirestore;
		};
		1BAE0BAD2BFB208A00330EC1 /* FirebaseFirestoreSwift */ = {
			isa = XCSwiftPackageProductDependency;
			package = 1BAE0BA82BFB208A00330EC1 /* XCRemoteSwiftPackageReference "firebase-ios-sdk" */;
			productName = FirebaseFirestoreSwift;
		};
/* End XCSwiftPackageProductDependency section */
	};
	rootObject = 1B971E862BF4BCDF0059246E /* Project object */;
}
